
Microsoft Visual Studio Solution File, Format Version 12.00
# Visual Studio Version 16
VisualStudioVersion = 16.0.31515.178
MinimumVisualStudioVersion = 10.0.40219.1
Project("{FAE04EC0-301F-11D3-BF4B-00C04F79EFBC}") = "intro01-MathFun", "intro01-MathFun\intro01-MathFun.csproj", "{8D2F955A-E5A2-465D-BA38-A5F2D2A96C7E}"
EndProject
Global
	GlobalSection(SolutionConfigurationPlatforms) = preSolution
		Debug|Any CPU = Debug|Any CPU
		Release|Any CPU = Release|Any CPU
	EndGlobalSection
	GlobalSection(ProjectConfigurationPlatforms) = postSolution
		{8D2F955A-E5A2-465D-BA38-A5F2D2A96C7E}.Debug|Any CPU.ActiveCfg = Debug|Any CPU
		{8D2F955A-E5A2-465D-BA38-A5F2D2A96C7E}.Debug|Any CPU.Build.0 = Debug|Any CPU
		{8D2F955A-E5A2-465D-BA38-A5F2D2A96C7E}.Release|Any CPU.ActiveCfg = Release|Any CPU
		{8D2F955A-E5A2-465D-BA38-A5F2D2A96C7E}.Release|Any CPU.Build.0 = Release|Any CPU
	EndGlobalSection
	GlobalSection(SolutionProperties) = preSolution
		HideSolutionNode = FALSE
	EndGlobalSection
	GlobalSection(ExtensibilityGlobals) = postSolution
		SolutionGuid = {ED018D9F-1471-43F4-A2F9-7F354D270510}
	EndGlobalSection
EndGlobal
