
Microsoft Visual Studio Solution File, Format Version 12.00
# Visual Studio Version 16
VisualStudioVersion = 16.0.31515.178
MinimumVisualStudioVersion = 10.0.40219.1
Project("{FAE04EC0-301F-11D3-BF4B-00C04F79EFBC}") = "ColumnGrid", "ColumnGrid\ColumnGrid.csproj", "{FF1F52D0-9A8A-482A-9B9A-3233F15CABD7}"
EndProject
Global
	GlobalSection(SolutionConfigurationPlatforms) = preSolution
		Debug|Any CPU = Debug|Any CPU
		Release|Any CPU = Release|Any CPU
	EndGlobalSection
	GlobalSection(ProjectConfigurationPlatforms) = postSolution
		{FF1F52D0-9A8A-482A-9B9A-3233F15CABD7}.Debug|Any CPU.ActiveCfg = Debug|Any CPU
		{FF1F52D0-9A8A-482A-9B9A-3233F15CABD7}.Debug|Any CPU.Build.0 = Debug|Any CPU
		{FF1F52D0-9A8A-482A-9B9A-3233F15CABD7}.Release|Any CPU.ActiveCfg = Release|Any CPU
		{FF1F52D0-9A8A-482A-9B9A-3233F15CABD7}.Release|Any CPU.Build.0 = Release|Any CPU
	EndGlobalSection
	GlobalSection(SolutionProperties) = preSolution
		HideSolutionNode = FALSE
	EndGlobalSection
	GlobalSection(ExtensibilityGlobals) = postSolution
		SolutionGuid = {E3E074D8-0E97-4DEE-B171-ADFA5BD886C0}
	EndGlobalSection
EndGlobal
