
Microsoft Visual Studio Solution File, Format Version 12.00
# Visual Studio Version 16
VisualStudioVersion = 16.0.31515.178
MinimumVisualStudioVersion = 10.0.40219.1
Project("{FAE04EC0-301F-11D3-BF4B-00C04F79EFBC}") = "intro03-CreateClass", "intro03-CreateClass\intro03-CreateClass.csproj", "{08AA96DA-9CF7-4BFD-A123-788DBD989115}"
EndProject
Global
	GlobalSection(SolutionConfigurationPlatforms) = preSolution
		Debug|Any CPU = Debug|Any CPU
		Release|Any CPU = Release|Any CPU
	EndGlobalSection
	GlobalSection(ProjectConfigurationPlatforms) = postSolution
		{08AA96DA-9CF7-4BFD-A123-788DBD989115}.Debug|Any CPU.ActiveCfg = Debug|Any CPU
		{08AA96DA-9CF7-4BFD-A123-788DBD989115}.Debug|Any CPU.Build.0 = Debug|Any CPU
		{08AA96DA-9CF7-4BFD-A123-788DBD989115}.Release|Any CPU.ActiveCfg = Release|Any CPU
		{08AA96DA-9CF7-4BFD-A123-788DBD989115}.Release|Any CPU.Build.0 = Release|Any CPU
	EndGlobalSection
	GlobalSection(SolutionProperties) = preSolution
		HideSolutionNode = FALSE
	EndGlobalSection
	GlobalSection(ExtensibilityGlobals) = postSolution
		SolutionGuid = {281A5984-1B34-453C-9DA4-6F5C84C3BAC5}
	EndGlobalSection
EndGlobal
