
Microsoft Visual Studio Solution File, Format Version 12.00
# Visual Studio Version 16
VisualStudioVersion = 16.0.31515.178
MinimumVisualStudioVersion = 10.0.40219.1
Project("{FAE04EC0-301F-11D3-BF4B-00C04F79EFBC}") = "test", "test\test.csproj", "{89FC8CBE-3981-4EEE-AE41-97651E631609}"
EndProject
Global
	GlobalSection(SolutionConfigurationPlatforms) = preSolution
		Debug|Any CPU = Debug|Any CPU
		Release|Any CPU = Release|Any CPU
	EndGlobalSection
	GlobalSection(ProjectConfigurationPlatforms) = postSolution
		{89FC8CBE-3981-4EEE-AE41-97651E631609}.Debug|Any CPU.ActiveCfg = Debug|Any CPU
		{89FC8CBE-3981-4EEE-AE41-97651E631609}.Debug|Any CPU.Build.0 = Debug|Any CPU
		{89FC8CBE-3981-4EEE-AE41-97651E631609}.Release|Any CPU.ActiveCfg = Release|Any CPU
		{89FC8CBE-3981-4EEE-AE41-97651E631609}.Release|Any CPU.Build.0 = Release|Any CPU
	EndGlobalSection
	GlobalSection(SolutionProperties) = preSolution
		HideSolutionNode = FALSE
	EndGlobalSection
	GlobalSection(ExtensibilityGlobals) = postSolution
		SolutionGuid = {70BDEAAB-2FA7-41A2-A7EE-8C54C485E724}
	EndGlobalSection
EndGlobal
